PODS:
  - CKUITools (0.5.4)
  - Expecta (0.2.4)
  - ICLoader (1.0.3):
    - CKUITools
  - NGAParallaxMotion (1.1.0)
  - NSURL+QueryDictionary (1.0.3)
  - OCHamcrest (4.1.1)
  - OCLogTemplate (1.0.1)
  - OCMockito (1.4.0):
    - OCHamcrest (~> 4.0)
  - PaperFold (1.2)
  - Typhoon (HEAD based on 3.0.1):
    - Typhoon/no-arc (= HEAD based on 3.0.1)
  - Typhoon/no-arc (HEAD based on 3.0.1)

DEPENDENCIES:
  - CKUITools
  - Expecta (~> 0.2.1)
  - ICLoader
  - NGAParallaxMotion
  - NSURL+QueryDictionary
  - OCHamcrest
  - OCLogTemplate
  - OCMockito
  - PaperFold (from `https://github.com/jasperblues/PaperFold-for-iOS.git`, tag `1.2-no-gesture-recognizers`)
  - Typhoon (HEAD)

EXTERNAL SOURCES:
  PaperFold:
    :git: https://github.com/jasperblues/PaperFold-for-iOS.git
    :tag: 1.2-no-gesture-recognizers

CHECKOUT OPTIONS:
  PaperFold:
    :git: https://github.com/jasperblues/PaperFold-for-iOS.git
    :tag: 1.2-no-gesture-recognizers

SPEC CHECKSUMS:
  CKUITools: b7e352ba583531b8946f22319aef43ce5e258f33
  Expecta: 112bcafa2304ee0f3c5e586505f24555a47b25d5
  ICLoader: fc21a5ad5ca6467dc897638fec533ef1516b7bdc
  NGAParallaxMotion: 62644b783178f75a234f458270f416afee89877c
  NSURL+QueryDictionary: 1ad81be60c10e3f4d80c5c4beb7125de96aaec5e
  OCHamcrest: af1c7c5ea345de69ea6c9c2958f65f3044e5c420
  OCLogTemplate: e7ffb1c1d0590ac4fd04e16a7f18314138c97088
  OCMockito: 991936bb775cc4c27f063d38f5e17b9161fbd21c
  PaperFold: 56c21be56fe6454fa99927b251396471d341c874
  Typhoon: 825ec92176814a9f456979ef226c9d027d236dc1

COCOAPODS: 0.35.0
